{
  "name": "typescript",
  "version": "1.0.0",
  "lockfileVersion": 3,
  "requires": true,
  "packages": {
    "": {
      "name": "typescript",
      "version": "1.0.0",
      "license": "ISC",
      "dependencies": {
        "two.js": "file:../../"
      }
    },
    "../..": {
      "version": "v0.8.24",
      "license": "MIT",
      "devDependencies": {
        "@types/minimatch": "^6.0.0",
        "@vuepress/plugin-google-analytics": "^1.8.2",
        "@vuepress/plugin-nprogress": "^1.5.4",
        "babel-eslint": "^10.1.0",
        "chalk": "^2.4.2",
        "commander": "^2.20.3",
        "esbuild": "^0.25.9",
        "eslint": "^7.8.1",
        "esm": "^3.2.25",
        "gzip-size": "^5.1.1",
        "jsdoc": "^3.6.6",
        "jsdoc-api": "^6.0.0",
        "typescript": "^4.5.4",
        "vuepress": "^1.9.5",
        "vuepress-plugin-sitemap": "^2.3.1"
      }
    },
    "node_modules/two.js": {
      "resolved": "../..",
      "link": true
    }
  }
}